
Microsoft Visual Studio Solution File, Format Version 12.00
# Visual Studio 14
VisualStudioVersion = 14.0.25420.1
MinimumVisualStudioVersion = 10.0.40219.1
Project("{FAE04EC0-301F-11D3-BF4B-00C04F79EFBC}") = "KhepriGrasshopper", "KhepriGrasshopper\KhepriGrasshopper.csproj", "{44411CF4-D0B6-42C1-B207-4AB6862C8A21}"
EndProject
Global
	GlobalSection(SolutionConfigurationPlatforms) = preSolution
		Debug32|Any CPU = Debug32|Any CPU
		Debug64|Any CPU = Debug64|Any CPU
		Release|Any CPU = Release|Any CPU
	EndGlobalSection
	GlobalSection(ProjectConfigurationPlatforms) = postSolution
		{44411CF4-D0B6-42C1-B207-4AB6862C8A21}.Debug32|Any CPU.ActiveCfg = Debug32|Any CPU
		{44411CF4-D0B6-42C1-B207-4AB6862C8A21}.Debug32|Any CPU.Build.0 = Debug32|Any CPU
		{44411CF4-D0B6-42C1-B207-4AB6862C8A21}.Debug64|Any CPU.ActiveCfg = Debug64|Any CPU
		{44411CF4-D0B6-42C1-B207-4AB6862C8A21}.Debug64|Any CPU.Build.0 = Debug64|Any CPU
		{44411CF4-D0B6-42C1-B207-4AB6862C8A21}.Release|Any CPU.ActiveCfg = Release|Any CPU
		{44411CF4-D0B6-42C1-B207-4AB6862C8A21}.Release|Any CPU.Build.0 = Release|Any CPU
	EndGlobalSection
	GlobalSection(SolutionProperties) = preSolution
		HideSolutionNode = FALSE
	EndGlobalSection
EndGlobal
